
Microsoft Visual Studio Solution File, Format Version 12.00
# Visual Studio Version 17
VisualStudioVersion = 17.5.33516.290
MinimumVisualStudioVersion = 10.0.40219.1
Project("{FAE04EC0-301F-11D3-BF4B-00C04F79EFBC}") = "Linqdemo", "Linqdemo.csproj", "{B5726B95-7E1C-46EE-85A9-8F4C2424788C}"
EndProject
Global
	GlobalSection(SolutionConfigurationPlatforms) = preSolution
		Debug|Any CPU = Debug|Any CPU
		Release|Any CPU = Release|Any CPU
	EndGlobalSection
	GlobalSection(ProjectConfigurationPlatforms) = postSolution
		{B5726B95-7E1C-46EE-85A9-8F4C2424788C}.Debug|Any CPU.ActiveCfg = Debug|Any CPU
		{B5726B95-7E1C-46EE-85A9-8F4C2424788C}.Debug|Any CPU.Build.0 = Debug|Any CPU
		{B5726B95-7E1C-46EE-85A9-8F4C2424788C}.Release|Any CPU.ActiveCfg = Release|Any CPU
		{B5726B95-7E1C-46EE-85A9-8F4C2424788C}.Release|Any CPU.Build.0 = Release|Any CPU
	EndGlobalSection
	GlobalSection(SolutionProperties) = preSolution
		HideSolutionNode = FALSE
	EndGlobalSection
	GlobalSection(ExtensibilityGlobals) = postSolution
		SolutionGuid = {FE6A0925-D7EF-47FF-B6C7-0ECAD52324F1}
	EndGlobalSection
EndGlobal
