
Microsoft Visual Studio Solution File, Format Version 12.00
# Visual Studio Version 17
VisualStudioVersion = 17.5.33516.290
MinimumVisualStudioVersion = 10.0.40219.1
Project("{FAE04EC0-301F-11D3-BF4B-00C04F79EFBC}") = "Firstprogram", "Firstprogram.csproj", "{38D5F592-853D-4F09-8748-41A27566E465}"
EndProject
Global
	GlobalSection(SolutionConfigurationPlatforms) = preSolution
		Debug|Any CPU = Debug|Any CPU
		Release|Any CPU = Release|Any CPU
	EndGlobalSection
	GlobalSection(ProjectConfigurationPlatforms) = postSolution
		{38D5F592-853D-4F09-8748-41A27566E465}.Debug|Any CPU.ActiveCfg = Debug|Any CPU
		{38D5F592-853D-4F09-8748-41A27566E465}.Debug|Any CPU.Build.0 = Debug|Any CPU
		{38D5F592-853D-4F09-8748-41A27566E465}.Release|Any CPU.ActiveCfg = Release|Any CPU
		{38D5F592-853D-4F09-8748-41A27566E465}.Release|Any CPU.Build.0 = Release|Any CPU
	EndGlobalSection
	GlobalSection(SolutionProperties) = preSolution
		HideSolutionNode = FALSE
	EndGlobalSection
	GlobalSection(ExtensibilityGlobals) = postSolution
		SolutionGuid = {884105F7-87A6-4CB2-836A-F05DCCF42B33}
	EndGlobalSection
EndGlobal
