
Microsoft Visual Studio Solution File, Format Version 12.00
# Visual Studio Version 17
VisualStudioVersion = 17.5.33516.290
MinimumVisualStudioVersion = 10.0.40219.1
Project("{FAE04EC0-301F-11D3-BF4B-00C04F79EFBC}") = "entity", "entity.csproj", "{B61EA794-235A-476B-94D2-CABF8E1CC248}"
EndProject
Global
	GlobalSection(SolutionConfigurationPlatforms) = preSolution
		Debug|Any CPU = Debug|Any CPU
		Release|Any CPU = Release|Any CPU
	EndGlobalSection
	GlobalSection(ProjectConfigurationPlatforms) = postSolution
		{B61EA794-235A-476B-94D2-CABF8E1CC248}.Debug|Any CPU.ActiveCfg = Debug|Any CPU
		{B61EA794-235A-476B-94D2-CABF8E1CC248}.Debug|Any CPU.Build.0 = Debug|Any CPU
		{B61EA794-235A-476B-94D2-CABF8E1CC248}.Release|Any CPU.ActiveCfg = Release|Any CPU
		{B61EA794-235A-476B-94D2-CABF8E1CC248}.Release|Any CPU.Build.0 = Release|Any CPU
	EndGlobalSection
	GlobalSection(SolutionProperties) = preSolution
		HideSolutionNode = FALSE
	EndGlobalSection
	GlobalSection(ExtensibilityGlobals) = postSolution
		SolutionGuid = {EF3E2651-7A11-4AF8-907F-864661863F1A}
	EndGlobalSection
EndGlobal
