
Microsoft Visual Studio Solution File, Format Version 12.00
# Visual Studio Version 17
VisualStudioVersion = 17.5.33516.290
MinimumVisualStudioVersion = 10.0.40219.1
Project("{FAE04EC0-301F-11D3-BF4B-00C04F79EFBC}") = "Sircode", "Sircode.csproj", "{BFD42E48-97F6-4853-BF08-934C07B42F0A}"
EndProject
Global
	GlobalSection(SolutionConfigurationPlatforms) = preSolution
		Debug|Any CPU = Debug|Any CPU
		Release|Any CPU = Release|Any CPU
	EndGlobalSection
	GlobalSection(ProjectConfigurationPlatforms) = postSolution
		{BFD42E48-97F6-4853-BF08-934C07B42F0A}.Debug|Any CPU.ActiveCfg = Debug|Any CPU
		{BFD42E48-97F6-4853-BF08-934C07B42F0A}.Debug|Any CPU.Build.0 = Debug|Any CPU
		{BFD42E48-97F6-4853-BF08-934C07B42F0A}.Release|Any CPU.ActiveCfg = Release|Any CPU
		{BFD42E48-97F6-4853-BF08-934C07B42F0A}.Release|Any CPU.Build.0 = Release|Any CPU
	EndGlobalSection
	GlobalSection(SolutionProperties) = preSolution
		HideSolutionNode = FALSE
	EndGlobalSection
	GlobalSection(ExtensibilityGlobals) = postSolution
		SolutionGuid = {C007FEAF-54B5-470E-B1D2-B801B2F25729}
	EndGlobalSection
EndGlobal
