
Microsoft Visual Studio Solution File, Format Version 12.00
# Visual Studio Version 17
VisualStudioVersion = 17.5.33516.290
MinimumVisualStudioVersion = 10.0.40219.1
Project("{FAE04EC0-301F-11D3-BF4B-00C04F79EFBC}") = "valueASP", "valueASP.csproj", "{B4998169-5283-4577-80E4-C79F0EF4B763}"
EndProject
Global
	GlobalSection(SolutionConfigurationPlatforms) = preSolution
		Debug|Any CPU = Debug|Any CPU
		Release|Any CPU = Release|Any CPU
	EndGlobalSection
	GlobalSection(ProjectConfigurationPlatforms) = postSolution
		{B4998169-5283-4577-80E4-C79F0EF4B763}.Debug|Any CPU.ActiveCfg = Debug|Any CPU
		{B4998169-5283-4577-80E4-C79F0EF4B763}.Debug|Any CPU.Build.0 = Debug|Any CPU
		{B4998169-5283-4577-80E4-C79F0EF4B763}.Release|Any CPU.ActiveCfg = Release|Any CPU
		{B4998169-5283-4577-80E4-C79F0EF4B763}.Release|Any CPU.Build.0 = Release|Any CPU
	EndGlobalSection
	GlobalSection(SolutionProperties) = preSolution
		HideSolutionNode = FALSE
	EndGlobalSection
	GlobalSection(ExtensibilityGlobals) = postSolution
		SolutionGuid = {7CD8E9B5-1689-4585-AB07-DD34A66BB400}
	EndGlobalSection
EndGlobal
