
Microsoft Visual Studio Solution File, Format Version 12.00
# Visual Studio Version 17
VisualStudioVersion = 17.5.33516.290
MinimumVisualStudioVersion = 10.0.40219.1
Project("{FAE04EC0-301F-11D3-BF4B-00C04F79EFBC}") = "song req 3", "song req 3.csproj", "{DE66D9C9-F4C5-4E26-9403-B065E85D99E1}"
EndProject
Global
	GlobalSection(SolutionConfigurationPlatforms) = preSolution
		Debug|Any CPU = Debug|Any CPU
		Release|Any CPU = Release|Any CPU
	EndGlobalSection
	GlobalSection(ProjectConfigurationPlatforms) = postSolution
		{DE66D9C9-F4C5-4E26-9403-B065E85D99E1}.Debug|Any CPU.ActiveCfg = Debug|Any CPU
		{DE66D9C9-F4C5-4E26-9403-B065E85D99E1}.Debug|Any CPU.Build.0 = Debug|Any CPU
		{DE66D9C9-F4C5-4E26-9403-B065E85D99E1}.Release|Any CPU.ActiveCfg = Release|Any CPU
		{DE66D9C9-F4C5-4E26-9403-B065E85D99E1}.Release|Any CPU.Build.0 = Release|Any CPU
	EndGlobalSection
	GlobalSection(SolutionProperties) = preSolution
		HideSolutionNode = FALSE
	EndGlobalSection
	GlobalSection(ExtensibilityGlobals) = postSolution
		SolutionGuid = {1CF3166A-2C77-43EB-99D5-BCB6CC902CDF}
	EndGlobalSection
EndGlobal
