
Microsoft Visual Studio Solution File, Format Version 12.00
# Visual Studio Version 17
VisualStudioVersion = 17.5.33516.290
MinimumVisualStudioVersion = 10.0.40219.1
Project("{FAE04EC0-301F-11D3-BF4B-00C04F79EFBC}") = "BasicMath", "BasicMath.csproj", "{C843EAB8-10C3-4C71-88BC-298278DAC71A}"
EndProject
Project("{FAE04EC0-301F-11D3-BF4B-00C04F79EFBC}") = "BasicMathTest", "..\BasicMathTest\BasicMathTest.csproj", "{B02FF3CF-9C06-4566-A2D0-DA35D8349EFD}"
EndProject
Global
	GlobalSection(SolutionConfigurationPlatforms) = preSolution
		Debug|Any CPU = Debug|Any CPU
		Release|Any CPU = Release|Any CPU
	EndGlobalSection
	GlobalSection(ProjectConfigurationPlatforms) = postSolution
		{C843EAB8-10C3-4C71-88BC-298278DAC71A}.Debug|Any CPU.ActiveCfg = Debug|Any CPU
		{C843EAB8-10C3-4C71-88BC-298278DAC71A}.Debug|Any CPU.Build.0 = Debug|Any CPU
		{C843EAB8-10C3-4C71-88BC-298278DAC71A}.Release|Any CPU.ActiveCfg = Release|Any CPU
		{C843EAB8-10C3-4C71-88BC-298278DAC71A}.Release|Any CPU.Build.0 = Release|Any CPU
		{B02FF3CF-9C06-4566-A2D0-DA35D8349EFD}.Debug|Any CPU.ActiveCfg = Debug|Any CPU
		{B02FF3CF-9C06-4566-A2D0-DA35D8349EFD}.Debug|Any CPU.Build.0 = Debug|Any CPU
		{B02FF3CF-9C06-4566-A2D0-DA35D8349EFD}.Release|Any CPU.ActiveCfg = Release|Any CPU
		{B02FF3CF-9C06-4566-A2D0-DA35D8349EFD}.Release|Any CPU.Build.0 = Release|Any CPU
	EndGlobalSection
	GlobalSection(SolutionProperties) = preSolution
		HideSolutionNode = FALSE
	EndGlobalSection
	GlobalSection(ExtensibilityGlobals) = postSolution
		SolutionGuid = {3CE4DCE5-6C8D-41B0-A265-166EF17D159E}
	EndGlobalSection
EndGlobal
